
Microsoft Visual Studio Solution File, Format Version 12.00
# Visual Studio Version 16
VisualStudioVersion = 16.0.30413.136
MinimumVisualStudioVersion = 10.0.40219.1
Project("{FAE04EC0-301F-11D3-BF4B-00C04F79EFBC}") = "SendEmailsOutlook", "SendEmailsOutlook\SendEmailsOutlook.csproj", "{51432EFF-A8BB-409D-9BE0-A963356527A4}"
EndProject
Global
	GlobalSection(SolutionConfigurationPlatforms) = preSolution
		Debug|Any CPU = Debug|Any CPU
		Release|Any CPU = Release|Any CPU
	EndGlobalSection
	GlobalSection(ProjectConfigurationPlatforms) = postSolution
		{51432EFF-A8BB-409D-9BE0-A963356527A4}.Debug|Any CPU.ActiveCfg = Debug|Any CPU
		{51432EFF-A8BB-409D-9BE0-A963356527A4}.Debug|Any CPU.Build.0 = Debug|Any CPU
		{51432EFF-A8BB-409D-9BE0-A963356527A4}.Release|Any CPU.ActiveCfg = Release|Any CPU
		{51432EFF-A8BB-409D-9BE0-A963356527A4}.Release|Any CPU.Build.0 = Release|Any CPU
	EndGlobalSection
	GlobalSection(SolutionProperties) = preSolution
		HideSolutionNode = FALSE
	EndGlobalSection
	GlobalSection(ExtensibilityGlobals) = postSolution
		SolutionGuid = {247A99AF-D032-4BCF-81CB-B04F179526C2}
	EndGlobalSection
EndGlobal
